alembic==1.18.5
annotated-doc==0.0.5
annotated-types==0.8.0
anyio==4.14.2
argon2-cffi==25.1.0
argon2-cffi-bindings==26.1.0
asgiref==3.12.1
attrs==26.1.0
certifi==2026.7.22
cffi==2.1.1
charset-normalizer==3.5.1
click==8.4.2
fastapi==0.141.1
googleapis-common-protos==1.75.1
greenlet==3.5.5
grpcio==1.83.0
h11==0.16.0
httpcore==1.0.9
httptools==0.8.0
httpx==0.28.1
idna==3.19
jsonschema==4.26.0
jsonschema-specifications==2025.9.1
Mako==1.4.1
MarkupSafe==3.0.3
opentelemetry-api==1.44.0
opentelemetry-exporter-otlp==1.44.0
opentelemetry-exporter-otlp-proto-common==1.44.0
opentelemetry-exporter-otlp-proto-grpc==1.44.0
opentelemetry-exporter-otlp-proto-http==1.44.0
opentelemetry-instrumentation==0.65b0
opentelemetry-instrumentation-asgi==0.65b0
opentelemetry-instrumentation-fastapi==0.65b0
opentelemetry-instrumentation-httpx==0.65b0
opentelemetry-proto==1.44.0
opentelemetry-sdk==1.44.0
opentelemetry-semantic-conventions==0.65b0
opentelemetry-util-http==0.65b0
packaging==26.3
protobuf==6.33.6
psycopg==3.3.4
psycopg-binary==3.3.4
pycparser==3.0
pydantic==2.13.4
pydantic_core==2.46.4
pydantic-settings==2.15.0
PyJWT==2.13.0
python-dotenv==1.2.3
python-multipart==0.0.32
PyYAML==6.0.3
redis==8.1.0
referencing==0.37.0
requests==2.34.2
rpds-py==2026.6.3
SQLAlchemy==2.0.51
starlette==1.6.0
typing_extensions==4.16.0
typing-inspection==0.4.4
urllib3==2.7.0
uvicorn==0.52.1
uvloop==0.22.1
watchfiles==1.2.0
websockets==17.0.1
wrapt==1.17.3
