a2a-sdk==1.1.2
agent-client-protocol==0.12.1
aioboto3==15.5.0
aiobotocore==2.25.1
aiofiles==25.1.0
aiohappyeyeballs==2.7.1
aiohttp==3.14.3
aioitertools==0.13.0
aiologic==0.17.1
aiosignal==1.4.0
alembic==1.18.5
annotated-doc==0.0.5
annotated-types==0.8.0
anyio==4.14.2
argon2-cffi==25.1.0
argon2-cffi-bindings==26.1.0
asgiref==3.12.1
attrs==26.1.0
beautifulsoup4==4.15.0
boto3==1.40.61
botocore==1.40.61
certifi==2026.7.22
cffi==2.1.1
charset-normalizer==3.5.1
click==8.4.2
cryptography==50.0.0
culsans==0.11.0
debugpy==1.8.21
distro==1.9.0
docstring_parser==0.18.0
fastapi==0.141.1
frozenlist==1.8.0
fsspec==2025.9.0
google-api-core==2.34.0
google-auth==2.56.3
googleapis-common-protos==1.75.1
greenlet==3.5.5
grpcio==1.83.0
h11==0.16.0
httpcore==1.0.9
httpcore2==2.12.0
httptools==0.8.0
httpx==0.28.1
httpx2==2.12.0
idna==3.19
ijson==3.5.1
inspect_ai==0.3.258
jiter==0.16.0
jmespath==1.1.0
json-rpc==1.15.0
jsonlines==4.0.0
jsonpatch==1.33
jsonpath-ng==1.8.0
jsonpointer==3.1.1
jsonref==1.1.0
jsonschema==4.26.0
jsonschema-specifications==2025.9.1
linkify-it-py==2.1.0
Mako==1.4.1
markdown-it-py==4.2.0
MarkupSafe==3.0.3
mcp==2.0.0
mcp-types==2.0.0
mdit-py-plugins==0.6.1
mdurl==0.1.2
mmh3==5.2.1
multidict==6.7.1
nest-asyncio2==1.7.2
numpy==2.5.2
openai==2.54.0
opentelemetry-api==1.44.0
opentelemetry-exporter-otlp==1.44.0
opentelemetry-exporter-otlp-proto-common==1.44.0
opentelemetry-exporter-otlp-proto-grpc==1.44.0
opentelemetry-exporter-otlp-proto-http==1.44.0
opentelemetry-instrumentation==0.65b0
opentelemetry-instrumentation-asgi==0.65b0
opentelemetry-instrumentation-fastapi==0.65b0
opentelemetry-instrumentation-httpx==0.65b0
opentelemetry-proto==1.44.0
opentelemetry-sdk==1.44.0
opentelemetry-semantic-conventions==0.65b0
opentelemetry-util-http==0.65b0
packaging==26.3
pathlib_abc==0.5.2
platformdirs==4.11.3
propcache==0.5.2
proto-plus==1.28.3
protobuf==6.33.6
psutil==7.2.2
psycopg==3.3.4
psycopg-binary==3.3.4
pyasn1==0.6.4
pyasn1_modules==0.4.2
pycparser==3.0
pydantic==2.13.4
pydantic-settings==2.15.0
pydantic_core==2.46.4
Pygments==2.21.0
PyJWT==2.13.0
python-dateutil==2.9.0.post0
python-dotenv==1.2.3
python-multipart==0.0.32
PyYAML==6.0.3
redis==8.1.0
referencing==0.37.0
regex==2026.7.19
requests==2.34.2
rich==15.0.0
rpds-py==2026.6.3
s3fs==2025.9.0
s3transfer==0.14.0
semver==3.0.4
setuptools==82.0.1
shortuuid==1.0.13
six==1.17.0
sniffio==1.3.1
soupsieve==2.9.2
SQLAlchemy==2.0.51
sse-starlette==3.4.8
starlette==1.6.0
tenacity==9.1.4
textual==8.2.8
tiktoken==0.14.0
tqdm==4.70.0
truststore==0.10.4
typing-inspection==0.4.4
typing_extensions==4.16.0
uc-micro-py==2.0.0
universal_pathlib==0.3.10
urllib3==2.7.0
uvicorn==0.52.1
uvloop==0.22.1
watchfiles==1.2.0
websockets==17.0.1
wrapt==1.17.3
yarl==1.24.5
zipfile-zstd==0.0.4
zipp==4.1.0
zstandard==0.25.0
